
Microsoft Visual Studio Solution File, Format Version 12.00
# Visual Studio Version 17
VisualStudioVersion = 17.14.36915.13 d17.14
MinimumVisualStudioVersion = 10.0.40219.1
Project("{FAE04EC0-301F-11D3-BF4B-00C04F79EFBC}") = "GcashAccount", "GcashAccount\GcashAccount.csproj", "{3C99A8A2-FE53-445F-A3EF-8C74CEF40CBF}"
EndProject
Global
	GlobalSection(SolutionConfigurationPlatforms) = preSolution
		Debug|Any CPU = Debug|Any CPU
		Release|Any CPU = Release|Any CPU
	EndGlobalSection
	GlobalSection(ProjectConfigurationPlatforms) = postSolution
		{3C99A8A2-FE53-445F-A3EF-8C74CEF40CBF}.Debug|Any CPU.ActiveCfg = Debug|Any CPU
		{3C99A8A2-FE53-445F-A3EF-8C74CEF40CBF}.Debug|Any CPU.Build.0 = Debug|Any CPU
		{3C99A8A2-FE53-445F-A3EF-8C74CEF40CBF}.Release|Any CPU.ActiveCfg = Release|Any CPU
		{3C99A8A2-FE53-445F-A3EF-8C74CEF40CBF}.Release|Any CPU.Build.0 = Release|Any CPU
	EndGlobalSection
	GlobalSection(SolutionProperties) = preSolution
		HideSolutionNode = FALSE
	EndGlobalSection
	GlobalSection(ExtensibilityGlobals) = postSolution
		SolutionGuid = {9A6415AD-39B4-4A9C-BF42-DCDF3D56F898}
	EndGlobalSection
EndGlobal
